
Microsoft Visual Studio Solution File, Format Version 12.00
# Visual Studio Version 16
VisualStudioVersion = 16.0.29519.87
MinimumVisualStudioVersion = 10.0.40219.1
Project("{FAE04EC0-301F-11D3-BF4B-00C04F79EFBC}") = "BillingControlsTool", "BillingControlsTool\BillingControlsTool.csproj", "{2742571B-66B3-4D09-9B08-E5471284D404}"
EndProject
Global
	GlobalSection(SolutionConfigurationPlatforms) = preSolution
		Debug|Any CPU = Debug|Any CPU
		Release|Any CPU = Release|Any CPU
	EndGlobalSection
	GlobalSection(ProjectConfigurationPlatforms) = postSolution
		{2742571B-66B3-4D09-9B08-E5471284D404}.Debug|Any CPU.ActiveCfg = Debug|Any CPU
		{2742571B-66B3-4D09-9B08-E5471284D404}.Debug|Any CPU.Build.0 = Debug|Any CPU
		{2742571B-66B3-4D09-9B08-E5471284D404}.Release|Any CPU.ActiveCfg = Release|Any CPU
		{2742571B-66B3-4D09-9B08-E5471284D404}.Release|Any CPU.Build.0 = Release|Any CPU
	EndGlobalSection
	GlobalSection(SolutionProperties) = preSolution
		HideSolutionNode = FALSE
	EndGlobalSection
	GlobalSection(ExtensibilityGlobals) = postSolution
		SolutionGuid = {F53D99C5-9F96-4927-B4EB-4FA0645EA2E9}
	EndGlobalSection
EndGlobal
